
Microsoft Visual Studio Solution File, Format Version 12.00
# Visual Studio Version 17
VisualStudioVersion = 17.9.34728.123
MinimumVisualStudioVersion = 10.0.40219.1
Project("{FAE04EC0-301F-11D3-BF4B-00C04F79EFBC}") = "BetParser", "BetParser\BetParser.csproj", "{1707455F-7A70-420C-9965-FCDF5A530C22}"
EndProject
Global
	GlobalSection(SolutionConfigurationPlatforms) = preSolution
		Debug|Any CPU = Debug|Any CPU
		Release|Any CPU = Release|Any CPU
	EndGlobalSection
	GlobalSection(ProjectConfigurationPlatforms) = postSolution
		{1707455F-7A70-420C-9965-FCDF5A530C22}.Debug|Any CPU.ActiveCfg = Debug|Any CPU
		{1707455F-7A70-420C-9965-FCDF5A530C22}.Debug|Any CPU.Build.0 = Debug|Any CPU
		{1707455F-7A70-420C-9965-FCDF5A530C22}.Release|Any CPU.ActiveCfg = Release|Any CPU
		{1707455F-7A70-420C-9965-FCDF5A530C22}.Release|Any CPU.Build.0 = Release|Any CPU
	EndGlobalSection
	GlobalSection(SolutionProperties) = preSolution
		HideSolutionNode = FALSE
	EndGlobalSection
	GlobalSection(ExtensibilityGlobals) = postSolution
		SolutionGuid = {6BE7BE1E-1B8D-46FA-A786-B048562CCB04}
	EndGlobalSection
EndGlobal
